
Microsoft Visual Studio Solution File, Format Version 12.00
# Visual Studio Version 16
VisualStudioVersion = 16.0.810.22
MinimumVisualStudioVersion = 10.0.40219.1
Project("{FAE04EC0-301F-11D3-BF4B-00C04F79EFBC}") = "StackAndQueue", "StackAndQueue.csproj", "{5B34140A-7B1E-44E5-A065-41E712CAF43A}"
EndProject
Global
	GlobalSection(SolutionConfigurationPlatforms) = preSolution
		Debug|anycpu = Debug|anycpu
		Release|anycpu = Release|anycpu
	EndGlobalSection
	GlobalSection(ProjectConfigurationPlatforms) = postSolution
		{5B34140A-7B1E-44E5-A065-41E712CAF43A}.Debug|anycpu.ActiveCfg = Debug|anycpu
		{5B34140A-7B1E-44E5-A065-41E712CAF43A}.Debug|anycpu.Build.0 = Debug|anycpu
		{5B34140A-7B1E-44E5-A065-41E712CAF43A}.Release|anycpu.ActiveCfg = Release|anycpu
		{5B34140A-7B1E-44E5-A065-41E712CAF43A}.Release|anycpu.Build.0 = Release|anycpu
	EndGlobalSection
	GlobalSection(SolutionProperties) = preSolution
		HideSolutionNode = FALSE
	EndGlobalSection
	GlobalSection(ExtensibilityGlobals) = postSolution
		SolutionGuid = {B25BF6E7-69C7-43EF-B891-A5A98FEE80B9}
	EndGlobalSection
EndGlobal
